
Microsoft Visual Studio Solution File, Format Version 12.00
Project("{FAE04EC0-301F-11D3-BF4B-00C04F79EFBC}") = "LoopsDemo", "LoopsDemo\LoopsDemo.csproj", "{ED553851-7F7E-4A20-97C1-D07210B1178B}"
EndProject
Global
	GlobalSection(SolutionConfigurationPlatforms) = preSolution
		Debug|Any CPU = Debug|Any CPU
		Release|Any CPU = Release|Any CPU
	EndGlobalSection
	GlobalSection(ProjectConfigurationPlatforms) = postSolution
		{ED553851-7F7E-4A20-97C1-D07210B1178B}.Debug|Any CPU.ActiveCfg = Debug|Any CPU
		{ED553851-7F7E-4A20-97C1-D07210B1178B}.Debug|Any CPU.Build.0 = Debug|Any CPU
		{ED553851-7F7E-4A20-97C1-D07210B1178B}.Release|Any CPU.ActiveCfg = Release|Any CPU
		{ED553851-7F7E-4A20-97C1-D07210B1178B}.Release|Any CPU.Build.0 = Release|Any CPU
	EndGlobalSection
EndGlobal
